
Microsoft Visual Studio Solution File, Format Version 12.00
# Visual Studio Version 17
VisualStudioVersion = 17.6.33815.320
MinimumVisualStudioVersion = 10.0.40219.1
Project("{FAE04EC0-301F-11D3-BF4B-00C04F79EFBC}") = "FanoutPublisher", "FanoutPublisher\FanoutPublisher.csproj", "{C65B7391-F072-42FD-AB93-3C3E860FEB15}"
EndProject
Project("{FAE04EC0-301F-11D3-BF4B-00C04F79EFBC}") = "FanoutConsumer", "FanoutConsumer\FanoutConsumer.csproj", "{F06FFED2-F21D-4B5D-A234-C8AED47BD420}"
EndProject
Global
	GlobalSection(SolutionConfigurationPlatforms) = preSolution
		Debug|Any CPU = Debug|Any CPU
		Release|Any CPU = Release|Any CPU
	EndGlobalSection
	GlobalSection(ProjectConfigurationPlatforms) = postSolution
		{C65B7391-F072-42FD-AB93-3C3E860FEB15}.Debug|Any CPU.ActiveCfg = Debug|Any CPU
		{C65B7391-F072-42FD-AB93-3C3E860FEB15}.Debug|Any CPU.Build.0 = Debug|Any CPU
		{C65B7391-F072-42FD-AB93-3C3E860FEB15}.Release|Any CPU.ActiveCfg = Release|Any CPU
		{C65B7391-F072-42FD-AB93-3C3E860FEB15}.Release|Any CPU.Build.0 = Release|Any CPU
		{F06FFED2-F21D-4B5D-A234-C8AED47BD420}.Debug|Any CPU.ActiveCfg = Debug|Any CPU
		{F06FFED2-F21D-4B5D-A234-C8AED47BD420}.Debug|Any CPU.Build.0 = Debug|Any CPU
		{F06FFED2-F21D-4B5D-A234-C8AED47BD420}.Release|Any CPU.ActiveCfg = Release|Any CPU
		{F06FFED2-F21D-4B5D-A234-C8AED47BD420}.Release|Any CPU.Build.0 = Release|Any CPU
	EndGlobalSection
	GlobalSection(SolutionProperties) = preSolution
		HideSolutionNode = FALSE
	EndGlobalSection
	GlobalSection(ExtensibilityGlobals) = postSolution
		SolutionGuid = {E3765040-FA37-4570-8B3E-68BF2B2BDB2B}
	EndGlobalSection
EndGlobal
